
Microsoft Visual Studio Solution File, Format Version 11.00
# Visual Studio 2010
Project("{FAE04EC0-301F-11D3-BF4B-00C04F79EFBC}") = "ClipResource", "ClipResource\ClipResource.csproj", "{B33F19DE-F211-4D32-8D03-43024B88F177}"
EndProject
Project("{FAE04EC0-301F-11D3-BF4B-00C04F79EFBC}") = "ColourInfoResource", "ColourInfoResource\ColourInfoResource.csproj", "{8B5BD201-21D4-44CB-A62D-CC734ECF2E28}"
EndProject
Project("{FAE04EC0-301F-11D3-BF4B-00C04F79EFBC}") = "EffectResource", "EffectResource\EffectResource.csproj", "{03CBE006-992A-4D0A-8CB9-FAE06EBBC524}"
EndProject
Project("{FAE04EC0-301F-11D3-BF4B-00C04F79EFBC}") = "GeometryResource", "GeometryResource\GeometryResource.csproj", "{B1E4D2EC-5027-4F44-8C46-A0485DFF7060}"
EndProject
Project("{FAE04EC0-301F-11D3-BF4B-00C04F79EFBC}") = "HairToneResource", "HairToneResource\HairToneResource.csproj", "{9FEFCC82-1486-423E-AFBC-683FFF4B8495}"
EndProject
Project("{FAE04EC0-301F-11D3-BF4B-00C04F79EFBC}") = "ObjectGeometryResource", "ObjectGeometryResource\ObjectGeometryResource.csproj", "{5180B170-D771-4CB3-AA7F-D893C3A70269}"
EndProject
Project("{FAE04EC0-301F-11D3-BF4B-00C04F79EFBC}") = "SkinControllerResource", "SkinControllerResource\SkinControllerResource.csproj", "{4774811D-7098-4FF4-AAA8-693B230983C9}"
EndProject
Project("{FAE04EC0-301F-11D3-BF4B-00C04F79EFBC}") = "SkinToneResource", "SkinToneResource\SkinToneResource.csproj", "{3302B05D-AFB4-49D1-804A-4B6AB4C92D1C}"
EndProject
Project("{2150E333-8FDC-42A3-9474-1A3956D46DE8}") = "Solution Items", "Solution Items", "{EC214B06-61C9-462B-87C7-990E0030EACF}"
	ProjectSection(SolutionItems) = preProject
		changelog.txt = changelog.txt
		gpl-3.0.txt = gpl-3.0.txt
	EndProjectSection
EndProject
Project("{FAE04EC0-301F-11D3-BF4B-00C04F79EFBC}") = "RigResource", "RigResource\RigResource.csproj", "{96239738-405A-437E-903A-C51B9521912D}"
EndProject
Project("{FAE04EC0-301F-11D3-BF4B-00C04F79EFBC}") = "RigExport", "RigExport\RigExport.csproj", "{00206AF2-A25E-4A17-BBA4-4F44EE7BF1A6}"
EndProject
Project("{FAE04EC0-301F-11D3-BF4B-00C04F79EFBC}") = "TrackMaskResource", "TrackMaskResource\TrackMaskResource.csproj", "{B075928C-0D4F-4E83-81CD-1972F726B1E2}"
EndProject
Project("{FAE04EC0-301F-11D3-BF4B-00C04F79EFBC}") = "AnimatedTextureResource", "AnimatedTextureResource\AnimatedTextureResource.csproj", "{AC7A70ED-1A0B-4863-9C40-8342C5FE5C97}"
EndProject
Project("{FAE04EC0-301F-11D3-BF4B-00C04F79EFBC}") = "Granny2Wrapper", "Granny2Wrapper\Granny2Wrapper.csproj", "{18623B28-A39C-4165-9D6C-ACF362FEE03F}"
EndProject
Global
	GlobalSection(SolutionConfigurationPlatforms) = preSolution
		Debug|Any CPU = Debug|Any CPU
		Debug|Mixed Platforms = Debug|Mixed Platforms
		Debug|x86 = Debug|x86
		Release|Any CPU = Release|Any CPU
		Release|Mixed Platforms = Release|Mixed Platforms
		Release|x86 = Release|x86
	EndGlobalSection
	GlobalSection(ProjectConfigurationPlatforms) = postSolution
		{B33F19DE-F211-4D32-8D03-43024B88F177}.Debug|Any CPU.ActiveCfg = Debug|Any CPU
		{B33F19DE-F211-4D32-8D03-43024B88F177}.Debug|Any CPU.Build.0 = Debug|Any CPU
		{B33F19DE-F211-4D32-8D03-43024B88F177}.Debug|Mixed Platforms.ActiveCfg = Debug|Any CPU
		{B33F19DE-F211-4D32-8D03-43024B88F177}.Debug|Mixed Platforms.Build.0 = Debug|Any CPU
		{B33F19DE-F211-4D32-8D03-43024B88F177}.Debug|x86.ActiveCfg = Debug|Any CPU
		{B33F19DE-F211-4D32-8D03-43024B88F177}.Release|Any CPU.ActiveCfg = Release|Any CPU
		{B33F19DE-F211-4D32-8D03-43024B88F177}.Release|Any CPU.Build.0 = Release|Any CPU
		{B33F19DE-F211-4D32-8D03-43024B88F177}.Release|Mixed Platforms.ActiveCfg = Release|Any CPU
		{B33F19DE-F211-4D32-8D03-43024B88F177}.Release|Mixed Platforms.Build.0 = Release|Any CPU
		{B33F19DE-F211-4D32-8D03-43024B88F177}.Release|x86.ActiveCfg = Release|Any CPU
		{8B5BD201-21D4-44CB-A62D-CC734ECF2E28}.Debug|Any CPU.ActiveCfg = Debug|Any CPU
		{8B5BD201-21D4-44CB-A62D-CC734ECF2E28}.Debug|Any CPU.Build.0 = Debug|Any CPU
		{8B5BD201-21D4-44CB-A62D-CC734ECF2E28}.Debug|Mixed Platforms.ActiveCfg = Debug|Any CPU
		{8B5BD201-21D4-44CB-A62D-CC734ECF2E28}.Debug|Mixed Platforms.Build.0 = Debug|Any CPU
		{8B5BD201-21D4-44CB-A62D-CC734ECF2E28}.Debug|x86.ActiveCfg = Debug|Any CPU
		{8B5BD201-21D4-44CB-A62D-CC734ECF2E28}.Release|Any CPU.ActiveCfg = Release|Any CPU
		{8B5BD201-21D4-44CB-A62D-CC734ECF2E28}.Release|Any CPU.Build.0 = Release|Any CPU
		{8B5BD201-21D4-44CB-A62D-CC734ECF2E28}.Release|Mixed Platforms.ActiveCfg = Release|Any CPU
		{8B5BD201-21D4-44CB-A62D-CC734ECF2E28}.Release|Mixed Platforms.Build.0 = Release|Any CPU
		{8B5BD201-21D4-44CB-A62D-CC734ECF2E28}.Release|x86.ActiveCfg = Release|Any CPU
		{03CBE006-992A-4D0A-8CB9-FAE06EBBC524}.Debug|Any CPU.ActiveCfg = Debug|Any CPU
		{03CBE006-992A-4D0A-8CB9-FAE06EBBC524}.Debug|Any CPU.Build.0 = Debug|Any CPU
		{03CBE006-992A-4D0A-8CB9-FAE06EBBC524}.Debug|Mixed Platforms.ActiveCfg = Debug|Any CPU
		{03CBE006-992A-4D0A-8CB9-FAE06EBBC524}.Debug|Mixed Platforms.Build.0 = Debug|Any CPU
		{03CBE006-992A-4D0A-8CB9-FAE06EBBC524}.Debug|x86.ActiveCfg = Debug|Any CPU
		{03CBE006-992A-4D0A-8CB9-FAE06EBBC524}.Release|Any CPU.ActiveCfg = Release|Any CPU
		{03CBE006-992A-4D0A-8CB9-FAE06EBBC524}.Release|Any CPU.Build.0 = Release|Any CPU
		{03CBE006-992A-4D0A-8CB9-FAE06EBBC524}.Release|Mixed Platforms.ActiveCfg = Release|Any CPU
		{03CBE006-992A-4D0A-8CB9-FAE06EBBC524}.Release|Mixed Platforms.Build.0 = Release|Any CPU
		{03CBE006-992A-4D0A-8CB9-FAE06EBBC524}.Release|x86.ActiveCfg = Release|Any CPU
		{B1E4D2EC-5027-4F44-8C46-A0485DFF7060}.Debug|Any CPU.ActiveCfg = Debug|Any CPU
		{B1E4D2EC-5027-4F44-8C46-A0485DFF7060}.Debug|Any CPU.Build.0 = Debug|Any CPU
		{B1E4D2EC-5027-4F44-8C46-A0485DFF7060}.Debug|Mixed Platforms.ActiveCfg = Debug|Any CPU
		{B1E4D2EC-5027-4F44-8C46-A0485DFF7060}.Debug|Mixed Platforms.Build.0 = Debug|Any CPU
		{B1E4D2EC-5027-4F44-8C46-A0485DFF7060}.Debug|x86.ActiveCfg = Debug|Any CPU
		{B1E4D2EC-5027-4F44-8C46-A0485DFF7060}.Release|Any CPU.ActiveCfg = Release|Any CPU
		{B1E4D2EC-5027-4F44-8C46-A0485DFF7060}.Release|Any CPU.Build.0 = Release|Any CPU
		{B1E4D2EC-5027-4F44-8C46-A0485DFF7060}.Release|Mixed Platforms.ActiveCfg = Release|Any CPU
		{B1E4D2EC-5027-4F44-8C46-A0485DFF7060}.Release|Mixed Platforms.Build.0 = Release|Any CPU
		{B1E4D2EC-5027-4F44-8C46-A0485DFF7060}.Release|x86.ActiveCfg = Release|Any CPU
		{9FEFCC82-1486-423E-AFBC-683FFF4B8495}.Debug|Any CPU.ActiveCfg = Debug|Any CPU
		{9FEFCC82-1486-423E-AFBC-683FFF4B8495}.Debug|Any CPU.Build.0 = Debug|Any CPU
		{9FEFCC82-1486-423E-AFBC-683FFF4B8495}.Debug|Mixed Platforms.ActiveCfg = Debug|Any CPU
		{9FEFCC82-1486-423E-AFBC-683FFF4B8495}.Debug|Mixed Platforms.Build.0 = Debug|Any CPU
		{9FEFCC82-1486-423E-AFBC-683FFF4B8495}.Debug|x86.ActiveCfg = Debug|Any CPU
		{9FEFCC82-1486-423E-AFBC-683FFF4B8495}.Release|Any CPU.ActiveCfg = Release|Any CPU
		{9FEFCC82-1486-423E-AFBC-683FFF4B8495}.Release|Any CPU.Build.0 = Release|Any CPU
		{9FEFCC82-1486-423E-AFBC-683FFF4B8495}.Release|Mixed Platforms.ActiveCfg = Release|Any CPU
		{9FEFCC82-1486-423E-AFBC-683FFF4B8495}.Release|Mixed Platforms.Build.0 = Release|Any CPU
		{9FEFCC82-1486-423E-AFBC-683FFF4B8495}.Release|x86.ActiveCfg = Release|Any CPU
		{5180B170-D771-4CB3-AA7F-D893C3A70269}.Debug|Any CPU.ActiveCfg = Debug|Any CPU
		{5180B170-D771-4CB3-AA7F-D893C3A70269}.Debug|Any CPU.Build.0 = Debug|Any CPU
		{5180B170-D771-4CB3-AA7F-D893C3A70269}.Debug|Mixed Platforms.ActiveCfg = Debug|Any CPU
		{5180B170-D771-4CB3-AA7F-D893C3A70269}.Debug|Mixed Platforms.Build.0 = Debug|Any CPU
		{5180B170-D771-4CB3-AA7F-D893C3A70269}.Debug|x86.ActiveCfg = Debug|Any CPU
		{5180B170-D771-4CB3-AA7F-D893C3A70269}.Release|Any CPU.ActiveCfg = Release|Any CPU
		{5180B170-D771-4CB3-AA7F-D893C3A70269}.Release|Any CPU.Build.0 = Release|Any CPU
		{5180B170-D771-4CB3-AA7F-D893C3A70269}.Release|Mixed Platforms.ActiveCfg = Release|Any CPU
		{5180B170-D771-4CB3-AA7F-D893C3A70269}.Release|Mixed Platforms.Build.0 = Release|Any CPU
		{5180B170-D771-4CB3-AA7F-D893C3A70269}.Release|x86.ActiveCfg = Release|Any CPU
		{4774811D-7098-4FF4-AAA8-693B230983C9}.Debug|Any CPU.ActiveCfg = Debug|Any CPU
		{4774811D-7098-4FF4-AAA8-693B230983C9}.Debug|Any CPU.Build.0 = Debug|Any CPU
		{4774811D-7098-4FF4-AAA8-693B230983C9}.Debug|Mixed Platforms.ActiveCfg = Debug|Any CPU
		{4774811D-7098-4FF4-AAA8-693B230983C9}.Debug|Mixed Platforms.Build.0 = Debug|Any CPU
		{4774811D-7098-4FF4-AAA8-693B230983C9}.Debug|x86.ActiveCfg = Debug|Any CPU
		{4774811D-7098-4FF4-AAA8-693B230983C9}.Release|Any CPU.ActiveCfg = Release|Any CPU
		{4774811D-7098-4FF4-AAA8-693B230983C9}.Release|Any CPU.Build.0 = Release|Any CPU
		{4774811D-7098-4FF4-AAA8-693B230983C9}.Release|Mixed Platforms.ActiveCfg = Release|Any CPU
		{4774811D-7098-4FF4-AAA8-693B230983C9}.Release|Mixed Platforms.Build.0 = Release|Any CPU
		{4774811D-7098-4FF4-AAA8-693B230983C9}.Release|x86.ActiveCfg = Release|Any CPU
		{3302B05D-AFB4-49D1-804A-4B6AB4C92D1C}.Debug|Any CPU.ActiveCfg = Debug|Any CPU
		{3302B05D-AFB4-49D1-804A-4B6AB4C92D1C}.Debug|Any CPU.Build.0 = Debug|Any CPU
		{3302B05D-AFB4-49D1-804A-4B6AB4C92D1C}.Debug|Mixed Platforms.ActiveCfg = Debug|Any CPU
		{3302B05D-AFB4-49D1-804A-4B6AB4C92D1C}.Debug|Mixed Platforms.Build.0 = Debug|Any CPU
		{3302B05D-AFB4-49D1-804A-4B6AB4C92D1C}.Debug|x86.ActiveCfg = Debug|Any CPU
		{3302B05D-AFB4-49D1-804A-4B6AB4C92D1C}.Release|Any CPU.ActiveCfg = Release|Any CPU
		{3302B05D-AFB4-49D1-804A-4B6AB4C92D1C}.Release|Any CPU.Build.0 = Release|Any CPU
		{3302B05D-AFB4-49D1-804A-4B6AB4C92D1C}.Release|Mixed Platforms.ActiveCfg = Release|Any CPU
		{3302B05D-AFB4-49D1-804A-4B6AB4C92D1C}.Release|Mixed Platforms.Build.0 = Release|Any CPU
		{3302B05D-AFB4-49D1-804A-4B6AB4C92D1C}.Release|x86.ActiveCfg = Release|Any CPU
		{96239738-405A-437E-903A-C51B9521912D}.Debug|Any CPU.ActiveCfg = Debug|Any CPU
		{96239738-405A-437E-903A-C51B9521912D}.Debug|Any CPU.Build.0 = Debug|Any CPU
		{96239738-405A-437E-903A-C51B9521912D}.Debug|Mixed Platforms.ActiveCfg = Debug|Any CPU
		{96239738-405A-437E-903A-C51B9521912D}.Debug|Mixed Platforms.Build.0 = Debug|Any CPU
		{96239738-405A-437E-903A-C51B9521912D}.Debug|x86.ActiveCfg = Debug|Any CPU
		{96239738-405A-437E-903A-C51B9521912D}.Release|Any CPU.ActiveCfg = Release|Any CPU
		{96239738-405A-437E-903A-C51B9521912D}.Release|Any CPU.Build.0 = Release|Any CPU
		{96239738-405A-437E-903A-C51B9521912D}.Release|Mixed Platforms.ActiveCfg = Release|Any CPU
		{96239738-405A-437E-903A-C51B9521912D}.Release|Mixed Platforms.Build.0 = Release|Any CPU
		{96239738-405A-437E-903A-C51B9521912D}.Release|x86.ActiveCfg = Release|Any CPU
		{00206AF2-A25E-4A17-BBA4-4F44EE7BF1A6}.Debug|Any CPU.ActiveCfg = Debug|x86
		{00206AF2-A25E-4A17-BBA4-4F44EE7BF1A6}.Debug|Mixed Platforms.ActiveCfg = Debug|x86
		{00206AF2-A25E-4A17-BBA4-4F44EE7BF1A6}.Debug|Mixed Platforms.Build.0 = Debug|x86
		{00206AF2-A25E-4A17-BBA4-4F44EE7BF1A6}.Debug|x86.ActiveCfg = Debug|x86
		{00206AF2-A25E-4A17-BBA4-4F44EE7BF1A6}.Debug|x86.Build.0 = Debug|x86
		{00206AF2-A25E-4A17-BBA4-4F44EE7BF1A6}.Release|Any CPU.ActiveCfg = Release|x86
		{00206AF2-A25E-4A17-BBA4-4F44EE7BF1A6}.Release|Any CPU.Build.0 = Release|x86
		{00206AF2-A25E-4A17-BBA4-4F44EE7BF1A6}.Release|Mixed Platforms.ActiveCfg = Release|x86
		{00206AF2-A25E-4A17-BBA4-4F44EE7BF1A6}.Release|Mixed Platforms.Build.0 = Release|x86
		{00206AF2-A25E-4A17-BBA4-4F44EE7BF1A6}.Release|x86.ActiveCfg = Release|x86
		{00206AF2-A25E-4A17-BBA4-4F44EE7BF1A6}.Release|x86.Build.0 = Release|x86
		{B075928C-0D4F-4E83-81CD-1972F726B1E2}.Debug|Any CPU.ActiveCfg = Debug|Any CPU
		{B075928C-0D4F-4E83-81CD-1972F726B1E2}.Debug|Any CPU.Build.0 = Debug|Any CPU
		{B075928C-0D4F-4E83-81CD-1972F726B1E2}.Debug|Mixed Platforms.ActiveCfg = Debug|Any CPU
		{B075928C-0D4F-4E83-81CD-1972F726B1E2}.Debug|Mixed Platforms.Build.0 = Debug|Any CPU
		{B075928C-0D4F-4E83-81CD-1972F726B1E2}.Debug|x86.ActiveCfg = Debug|Any CPU
		{B075928C-0D4F-4E83-81CD-1972F726B1E2}.Release|Any CPU.ActiveCfg = Release|Any CPU
		{B075928C-0D4F-4E83-81CD-1972F726B1E2}.Release|Any CPU.Build.0 = Release|Any CPU
		{B075928C-0D4F-4E83-81CD-1972F726B1E2}.Release|Mixed Platforms.ActiveCfg = Release|Any CPU
		{B075928C-0D4F-4E83-81CD-1972F726B1E2}.Release|Mixed Platforms.Build.0 = Release|Any CPU
		{B075928C-0D4F-4E83-81CD-1972F726B1E2}.Release|x86.ActiveCfg = Release|Any CPU
		{AC7A70ED-1A0B-4863-9C40-8342C5FE5C97}.Debug|Any CPU.ActiveCfg = Debug|Any CPU
		{AC7A70ED-1A0B-4863-9C40-8342C5FE5C97}.Debug|Any CPU.Build.0 = Debug|Any CPU
		{AC7A70ED-1A0B-4863-9C40-8342C5FE5C97}.Debug|Mixed Platforms.ActiveCfg = Debug|Any CPU
		{AC7A70ED-1A0B-4863-9C40-8342C5FE5C97}.Debug|Mixed Platforms.Build.0 = Debug|Any CPU
		{AC7A70ED-1A0B-4863-9C40-8342C5FE5C97}.Debug|x86.ActiveCfg = Debug|Any CPU
		{AC7A70ED-1A0B-4863-9C40-8342C5FE5C97}.Release|Any CPU.ActiveCfg = Release|Any CPU
		{AC7A70ED-1A0B-4863-9C40-8342C5FE5C97}.Release|Any CPU.Build.0 = Release|Any CPU
		{AC7A70ED-1A0B-4863-9C40-8342C5FE5C97}.Release|Mixed Platforms.ActiveCfg = Release|Any CPU
		{AC7A70ED-1A0B-4863-9C40-8342C5FE5C97}.Release|Mixed Platforms.Build.0 = Release|Any CPU
		{AC7A70ED-1A0B-4863-9C40-8342C5FE5C97}.Release|x86.ActiveCfg = Release|Any CPU
		{18623B28-A39C-4165-9D6C-ACF362FEE03F}.Debug|Any CPU.ActiveCfg = Debug|Any CPU
		{18623B28-A39C-4165-9D6C-ACF362FEE03F}.Debug|Any CPU.Build.0 = Debug|Any CPU
		{18623B28-A39C-4165-9D6C-ACF362FEE03F}.Debug|Mixed Platforms.ActiveCfg = Debug|Any CPU
		{18623B28-A39C-4165-9D6C-ACF362FEE03F}.Debug|Mixed Platforms.Build.0 = Debug|Any CPU
		{18623B28-A39C-4165-9D6C-ACF362FEE03F}.Debug|x86.ActiveCfg = Debug|Any CPU
		{18623B28-A39C-4165-9D6C-ACF362FEE03F}.Release|Any CPU.ActiveCfg = Release|Any CPU
		{18623B28-A39C-4165-9D6C-ACF362FEE03F}.Release|Any CPU.Build.0 = Release|Any CPU
		{18623B28-A39C-4165-9D6C-ACF362FEE03F}.Release|Mixed Platforms.ActiveCfg = Release|Any CPU
		{18623B28-A39C-4165-9D6C-ACF362FEE03F}.Release|Mixed Platforms.Build.0 = Release|Any CPU
		{18623B28-A39C-4165-9D6C-ACF362FEE03F}.Release|x86.ActiveCfg = Release|Any CPU
	EndGlobalSection
	GlobalSection(SolutionProperties) = preSolution
		HideSolutionNode = FALSE
	EndGlobalSection
EndGlobal
